{
  "nodes": {
    "base0": {
      "inputs": {
        "flake-utils": "flake-utils",
        "nixpkgs": "nixpkgs"
      },
      "locked": {
        "lastModified": 1666598611,
        "narHash": "sha256-CwHxd0APbuyKwttNJFhQcec8InWt4UGqkMPw2Q2uZD8=",
        "owner": "sixears",
        "repo": "base0",
        "rev": "b01629cd2296a2b7e6053ba813ba9b31e4ec7173",
        "type": "github"
      },
      "original": {
        "owner": "sixears",
        "ref": "r0.0.4.0",
        "repo": "base0",
        "type": "github"
      }
    },
    "build-utils": {
      "inputs": {
        "base0": "base0",
        "flake-utils": "flake-utils_2"
      },
      "locked": {
        "lastModified": 1666856058,
        "narHash": "sha256-6kkveeU7CNNvNExr0QAU7pNB/3x2GkltUFiINZ+LNEw=",
        "owner": "sixears",
        "repo": "flake-build-utils",
        "rev": "3c8a2d4f3e783f12fe412b671f8873fe93f59a55",
        "type": "github"
      },
      "original": {
        "owner": "sixears",
        "ref": "r1.0.0.0",
        "repo": "flake-build-utils",
        "type": "github"
      }
    },
    "flake-utils": {
      "locked": {
        "lastModified": 1659877975,
        "narHash": "sha256-zllb8aq3YO3h8B/U0/J1WBgAL8EX5yWf5pMj3G0NAmc=",
        "owner": "numtide",
        "repo": "flake-utils",
        "rev": "c0e246b9b83f637f4681389ecabcb2681b4f3af0",
        "type": "github"
      },
      "original": {
        "owner": "numtide",
        "repo": "flake-utils",
        "type": "github"
      }
    },
    "flake-utils_2": {
      "locked": {
        "lastModified": 1659877975,
        "narHash": "sha256-zllb8aq3YO3h8B/U0/J1WBgAL8EX5yWf5pMj3G0NAmc=",
        "owner": "numtide",
        "repo": "flake-utils",
        "rev": "c0e246b9b83f637f4681389ecabcb2681b4f3af0",
        "type": "github"
      },
      "original": {
        "owner": "numtide",
        "ref": "c0e246b9",
        "repo": "flake-utils",
        "type": "github"
      }
    },
    "flake-utils_3": {
      "locked": {
        "lastModified": 1659877975,
        "narHash": "sha256-zllb8aq3YO3h8B/U0/J1WBgAL8EX5yWf5pMj3G0NAmc=",
        "owner": "numtide",
        "repo": "flake-utils",
        "rev": "c0e246b9b83f637f4681389ecabcb2681b4f3af0",
        "type": "github"
      },
      "original": {
        "id": "flake-utils",
        "type": "indirect"
      }
    },
    "nixpkgs": {
      "locked": {
        "lastModified": 1665856284,
        "narHash": "sha256-FQusb2DuFo8UF0jhUSPFhDKc40jRbHcdyyw4anN20WA=",
        "owner": "nixos",
        "repo": "nixpkgs",
        "rev": "be44bf672c61a284f759898d1e59077b00655c4c",
        "type": "github"
      },
      "original": {
        "owner": "nixos",
        "ref": "be44bf67",
        "repo": "nixpkgs",
        "type": "github"
      }
    },
    "nixpkgs_2": {
      "locked": {
        "lastModified": 1665856284,
        "narHash": "sha256-FQusb2DuFo8UF0jhUSPFhDKc40jRbHcdyyw4anN20WA=",
        "owner": "nixos",
        "repo": "nixpkgs",
        "rev": "be44bf672c61a284f759898d1e59077b00655c4c",
        "type": "github"
      },
      "original": {
        "owner": "nixos",
        "ref": "be44bf67",
        "repo": "nixpkgs",
        "type": "github"
      }
    },
    "root": {
      "inputs": {
        "build-utils": "build-utils",
        "flake-utils": "flake-utils_3",
        "nixpkgs": "nixpkgs_2"
      }
    }
  },
  "root": "root",
  "version": 7
}
